
Microsoft Visual Studio Solution File, Format Version 12.00
# Visual Studio Version 17
VisualStudioVersion = 17.10.34928.147
MinimumVisualStudioVersion = 10.0.40219.1
Project("{FAE04EC0-301F-11D3-BF4B-00C04F79EFBC}") = "CoffeeShopApi", "CoffeeShopApi.csproj", "{6705DFD5-3336-4E38-ADD3-9AC00648ED12}"
EndProject
Global
	GlobalSection(SolutionConfigurationPlatforms) = preSolution
		Debug|Any CPU = Debug|Any CPU
		Release|Any CPU = Release|Any CPU
	EndGlobalSection
	GlobalSection(ProjectConfigurationPlatforms) = postSolution
		{6705DFD5-3336-4E38-ADD3-9AC00648ED12}.Debug|Any CPU.ActiveCfg = Debug|Any CPU
		{6705DFD5-3336-4E38-ADD3-9AC00648ED12}.Debug|Any CPU.Build.0 = Debug|Any CPU
		{6705DFD5-3336-4E38-ADD3-9AC00648ED12}.Release|Any CPU.ActiveCfg = Release|Any CPU
		{6705DFD5-3336-4E38-ADD3-9AC00648ED12}.Release|Any CPU.Build.0 = Release|Any CPU
	EndGlobalSection
	GlobalSection(SolutionProperties) = preSolution
		HideSolutionNode = FALSE
	EndGlobalSection
	GlobalSection(ExtensibilityGlobals) = postSolution
		SolutionGuid = {BBD6BEC4-1AE4-4712-A190-A352183E69A4}
	EndGlobalSection
EndGlobal
